
Microsoft Visual Studio Solution File, Format Version 12.00
# Visual Studio Version 17
VisualStudioVersion = 17.4.33103.184
MinimumVisualStudioVersion = 10.0.40219.1
Project("{9A19103F-16F7-4668-BE54-9A1E7A4F7556}") = "YaronEfrat.Yiyo.WebApi", "src\YaronEfrat.Yiyo.WebApi\YaronEfrat.Yiyo.WebApi.csproj", "{5C1CA8CA-3013-40B4-A87B-6C93AE4D30F6}"
EndProject
Project("{9A19103F-16F7-4668-BE54-9A1E7A4F7556}") = "YaronEfrat.Yiyo.Domain.Reflection", "src\Domain.Reflection\YaronEfrat.Yiyo.Domain.Reflection.csproj", "{2D2399A6-2AA5-4F8C-8E1D-348E2FB0FFFD}"
EndProject
Project("{9A19103F-16F7-4668-BE54-9A1E7A4F7556}") = "YaronEfrat.Yiyo.Application", "src\YaronEfrat.Yiyo.Application\YaronEfrat.Yiyo.Application.csproj", "{CC9590A8-F3D0-448E-A07E-41114ED80963}"
EndProject
Project("{9A19103F-16F7-4668-BE54-9A1E7A4F7556}") = "YaronEfrat.Yiyo.Application.UnitTests", "tests\YaronEfrat.Yiyo.Application.UnitTests\YaronEfrat.Yiyo.Application.UnitTests.csproj", "{036AF25E-213F-4250-AA4B-AD86F591C2DB}"
EndProject
Project("{FAE04EC0-301F-11D3-BF4B-00C04F79EFBC}") = "YaronEfrat.Yiyo.Persistence", "src\YaronEfrat.Yiyo.Persistence\YaronEfrat.Yiyo.Persistence.csproj", "{831B6EF0-D97C-470A-AEC3-88AF40CF9637}"
EndProject
Global
	GlobalSection(SolutionConfigurationPlatforms) = preSolution
		Debug|Any CPU = Debug|Any CPU
		Release|Any CPU = Release|Any CPU
	EndGlobalSection
	GlobalSection(ProjectConfigurationPlatforms) = postSolution
		{5C1CA8CA-3013-40B4-A87B-6C93AE4D30F6}.Debug|Any CPU.ActiveCfg = Debug|Any CPU
		{5C1CA8CA-3013-40B4-A87B-6C93AE4D30F6}.Debug|Any CPU.Build.0 = Debug|Any CPU
		{5C1CA8CA-3013-40B4-A87B-6C93AE4D30F6}.Release|Any CPU.ActiveCfg = Release|Any CPU
		{5C1CA8CA-3013-40B4-A87B-6C93AE4D30F6}.Release|Any CPU.Build.0 = Release|Any CPU
		{2D2399A6-2AA5-4F8C-8E1D-348E2FB0FFFD}.Debug|Any CPU.ActiveCfg = Debug|Any CPU
		{2D2399A6-2AA5-4F8C-8E1D-348E2FB0FFFD}.Debug|Any CPU.Build.0 = Debug|Any CPU
		{2D2399A6-2AA5-4F8C-8E1D-348E2FB0FFFD}.Release|Any CPU.ActiveCfg = Release|Any CPU
		{2D2399A6-2AA5-4F8C-8E1D-348E2FB0FFFD}.Release|Any CPU.Build.0 = Release|Any CPU
		{CC9590A8-F3D0-448E-A07E-41114ED80963}.Debug|Any CPU.ActiveCfg = Debug|Any CPU
		{CC9590A8-F3D0-448E-A07E-41114ED80963}.Debug|Any CPU.Build.0 = Debug|Any CPU
		{CC9590A8-F3D0-448E-A07E-41114ED80963}.Release|Any CPU.ActiveCfg = Release|Any CPU
		{CC9590A8-F3D0-448E-A07E-41114ED80963}.Release|Any CPU.Build.0 = Release|Any CPU
		{036AF25E-213F-4250-AA4B-AD86F591C2DB}.Debug|Any CPU.ActiveCfg = Debug|Any CPU
		{036AF25E-213F-4250-AA4B-AD86F591C2DB}.Debug|Any CPU.Build.0 = Debug|Any CPU
		{036AF25E-213F-4250-AA4B-AD86F591C2DB}.Release|Any CPU.ActiveCfg = Release|Any CPU
		{036AF25E-213F-4250-AA4B-AD86F591C2DB}.Release|Any CPU.Build.0 = Release|Any CPU
		{831B6EF0-D97C-470A-AEC3-88AF40CF9637}.Debug|Any CPU.ActiveCfg = Debug|Any CPU
		{831B6EF0-D97C-470A-AEC3-88AF40CF9637}.Debug|Any CPU.Build.0 = Debug|Any CPU
		{831B6EF0-D97C-470A-AEC3-88AF40CF9637}.Release|Any CPU.ActiveCfg = Release|Any CPU
		{831B6EF0-D97C-470A-AEC3-88AF40CF9637}.Release|Any CPU.Build.0 = Release|Any CPU
	EndGlobalSection
	GlobalSection(SolutionProperties) = preSolution
		HideSolutionNode = FALSE
	EndGlobalSection
	GlobalSection(ExtensibilityGlobals) = postSolution
		SolutionGuid = {1068A210-6279-49E6-AC44-86033141ECBA}
	EndGlobalSection
EndGlobal
